
Microsoft Visual Studio Solution File, Format Version 12.00
# Visual Studio Version 17
VisualStudioVersion = 17.4.33205.214
MinimumVisualStudioVersion = 10.0.40219.1
Project("{9A19103F-16F7-4668-BE54-9A1E7A4F7556}") = "modeloVirtualCChar", "modeloVirtualCChar.csproj", "{795BC912-D469-4832-A366-C7FA3CC597A8}"
EndProject
Project("{9A19103F-16F7-4668-BE54-9A1E7A4F7556}") = "DB", "..\DB\DB.csproj", "{661FAFE1-A685-4D42-AA38-6ED410132A65}"
EndProject
Global
	GlobalSection(SolutionConfigurationPlatforms) = preSolution
		Debug|Any CPU = Debug|Any CPU
		Release|Any CPU = Release|Any CPU
	EndGlobalSection
	GlobalSection(ProjectConfigurationPlatforms) = postSolution
		{795BC912-D469-4832-A366-C7FA3CC597A8}.Debug|Any CPU.ActiveCfg = Debug|Any CPU
		{795BC912-D469-4832-A366-C7FA3CC597A8}.Debug|Any CPU.Build.0 = Debug|Any CPU
		{795BC912-D469-4832-A366-C7FA3CC597A8}.Release|Any CPU.ActiveCfg = Release|Any CPU
		{795BC912-D469-4832-A366-C7FA3CC597A8}.Release|Any CPU.Build.0 = Release|Any CPU
		{661FAFE1-A685-4D42-AA38-6ED410132A65}.Debug|Any CPU.ActiveCfg = Debug|Any CPU
		{661FAFE1-A685-4D42-AA38-6ED410132A65}.Debug|Any CPU.Build.0 = Debug|Any CPU
		{661FAFE1-A685-4D42-AA38-6ED410132A65}.Release|Any CPU.ActiveCfg = Release|Any CPU
		{661FAFE1-A685-4D42-AA38-6ED410132A65}.Release|Any CPU.Build.0 = Release|Any CPU
	EndGlobalSection
	GlobalSection(SolutionProperties) = preSolution
		HideSolutionNode = FALSE
	EndGlobalSection
	GlobalSection(ExtensibilityGlobals) = postSolution
		SolutionGuid = {A7D28003-F7E2-4AD9-A951-6C715F51F8AA}
	EndGlobalSection
EndGlobal
